{
  "name": "compimprovment",
  "version": "1.0.0",
  "lockfileVersion": 3,
  "requires": true,
  "packages": {
    "": {
      "name": "compimprovment",
      "version": "1.0.0",
      "license": "ISC",
      "dependencies": {
        "jstat-esm": "^2.0.2",
        "simple-statistics": "^7.8.8"
      }
    },
    "node_modules/jstat-esm": {
      "version": "2.0.2",
      "resolved": "https://registry.npmjs.org/jstat-esm/-/jstat-esm-2.0.2.tgz",
      "integrity": "sha512-D/TKdqsiS4Xa1QfzXsllvOtVArr6xlNkZ9JdboCRuaQh5Uj85+lER4NAJON73tphu2bqGc5FIm9l3WDbDR4lOw==",
      "license": "MIT"
    },
    "node_modules/simple-statistics": {
      "version": "7.8.8",
      "resolved": "https://registry.npmjs.org/simple-statistics/-/simple-statistics-7.8.8.tgz",
      "integrity": "sha512-CUtP0+uZbcbsFpqEyvNDYjJCl+612fNgjT8GaVuvMG7tBuJg8gXGpsP5M7X658zy0IcepWOZ6nPBu1Qb9ezA1w==",
      "license": "ISC",
      "engines": {
        "node": "*"
      }
    }
  }
}
